
Microsoft Visual Studio Solution File, Format Version 12.00
# Visual Studio Version 16
VisualStudioVersion = 16.0.30621.155
MinimumVisualStudioVersion = 10.0.40219.1
Project("{FAE04EC0-301F-11D3-BF4B-00C04F79EFBC}") = "SALES_MANAGEMENT", "SALES_MANAGEMENT\SALES_MANAGEMENT.csproj", "{5DABDD08-A6D1-48CD-8062-6772F3F1BB2C}"
EndProject
Global
	GlobalSection(SolutionConfigurationPlatforms) = preSolution
		Debug|Any CPU = Debug|Any CPU
		Release|Any CPU = Release|Any CPU
	EndGlobalSection
	GlobalSection(ProjectConfigurationPlatforms) = postSolution
		{5DABDD08-A6D1-48CD-8062-6772F3F1BB2C}.Debug|Any CPU.ActiveCfg = Debug|Any CPU
		{5DABDD08-A6D1-48CD-8062-6772F3F1BB2C}.Debug|Any CPU.Build.0 = Debug|Any CPU
		{5DABDD08-A6D1-48CD-8062-6772F3F1BB2C}.Release|Any CPU.ActiveCfg = Release|Any CPU
		{5DABDD08-A6D1-48CD-8062-6772F3F1BB2C}.Release|Any CPU.Build.0 = Release|Any CPU
	EndGlobalSection
	GlobalSection(SolutionProperties) = preSolution
		HideSolutionNode = FALSE
	EndGlobalSection
	GlobalSection(ExtensibilityGlobals) = postSolution
		SolutionGuid = {6400CE3B-F9E7-4FE4-96FA-558AA280A586}
	EndGlobalSection
EndGlobal
